// !$*UTF8*$!
{
	archiveVersion = 1;
	classes = {
	};
	objectVersion = 50;
	objects = {

/* Begin PBXBuildFile section */
		2724CB1F2546285B0000DCA3 /* Main.swift in Sources */ = {isa = PBXBuildFile; fileRef = 2724CB1E2546285B0000DCA3 /* Main.swift */; };
		2724CB212546285B0000DCA3 /* ChannelsView.swift in Sources */ = {isa = PBXBuildFile; fileRef = 2724CB202546285B0000DCA3 /* ChannelsView.swift */; };
		2724CB232546285D0000DCA3 /* Assets.xcassets in Resources */ = {isa = PBXBuildFile; fileRef = 2724CB222546285D0000DCA3 /* Assets.xcassets */; };
		2724CB262546285D0000DCA3 /* Preview Assets.xcassets in Resources */ = {isa = PBXBuildFile; fileRef = 2724CB252546285D0000DCA3 /* Preview Assets.xcassets */; };
		2724CB3E254633DC0000DCA3 /* Launch.storyboard in Resources */ = {isa = PBXBuildFile; fileRef = 2724CB3D254633DC0000DCA3 /* Launch.storyboard */; };
		2724CB422546399D0000DCA3 /* ChannelView.swift in Sources */ = {isa = PBXBuildFile; fileRef = 2724CB412546399D0000DCA3 /* ChannelView.swift */; };
		2724CB4525463A2D0000DCA3 /* Channel.swift in Sources */ = {isa = PBXBuildFile; fileRef = 2724CB4425463A2D0000DCA3 /* Channel.swift */; };
		2724CB4825463A450000DCA3 /* Channels.swift in Sources */ = {isa = PBXBuildFile; fileRef = 2724CB4725463A450000DCA3 /* Channels.swift */; };
		2724CB4D25463E1B0000DCA3 /* Livestream.swift in Sources */ = {isa = PBXBuildFile; fileRef = 2724CB4C25463E1B0000DCA3 /* Livestream.swift */; };
		2724CB51254641F90000DCA3 /* Color.swift in Sources */ = {isa = PBXBuildFile; fileRef = 2724CB50254641F90000DCA3 /* Color.swift */; };
		2724CB5525464B580000DCA3 /* MainView.swift in Sources */ = {isa = PBXBuildFile; fileRef = 2724CB5425464B580000DCA3 /* MainView.swift */; };
/* End PBXBuildFile section */

/* Begin PBXFileReference section */
		2724CB1B2546285B0000DCA3 /* Livestreams.app */ = {isa = PBXFileReference; explicitFileType = wrapper.application; includeInIndex = 0; path = Livestreams.app; sourceTree = BUILT_PRODUCTS_DIR; };
		2724CB1E2546285B0000DCA3 /* Main.swift */ = {isa = PBXFileReference; lastKnownFileType = sourcecode.swift; path = Main.swift; sourceTree = "<group>"; };
		2724CB202546285B0000DCA3 /* ChannelsView.swift */ = {isa = PBXFileReference; lastKnownFileType = sourcecode.swift; path = ChannelsView.swift; sourceTree = "<group>"; };
		2724CB222546285D0000DCA3 /* Assets.xcassets */ = {isa = PBXFileReference; lastKnownFileType = folder.assetcatalog; path = Assets.xcassets; sourceTree = "<group>"; };
		2724CB252546285D0000DCA3 /* Preview Assets.xcassets */ = {isa = PBXFileReference; lastKnownFileType = folder.assetcatalog; path = "Preview Assets.xcassets"; sourceTree = "<group>"; };
		2724CB272546285D0000DCA3 /* Info.plist */ = {isa = PBXFileReference; lastKnownFileType = text.plist.xml; path = Info.plist; sourceTree = "<group>"; };
		2724CB3A2546338A0000DCA3 /* App.entitlements */ = {isa = PBXFileReference; lastKnownFileType = text.plist.entitlements; path = App.entitlements; sourceTree = "<group>"; };
		2724CB3D254633DC0000DCA3 /* Launch.storyboard */ = {isa = PBXFileReference; fileEncoding = 4; lastKnownFileType = file.storyboard; path = Launch.storyboard; sourceTree = "<group>"; };
		2724CB412546399D0000DCA3 /* ChannelView.swift */ = {isa = PBXFileReference; lastKnownFileType = sourcecode.swift; path = ChannelView.swift; sourceTree = "<group>"; };
		2724CB4425463A2D0000DCA3 /* Channel.swift */ = {isa = PBXFileReference; lastKnownFileType = sourcecode.swift; path = Channel.swift; sourceTree = "<group>"; };
		2724CB4725463A450000DCA3 /* Channels.swift */ = {isa = PBXFileReference; lastKnownFileType = sourcecode.swift; path = Channels.swift; sourceTree = "<group>"; };
		2724CB4C25463E1B0000DCA3 /* Livestream.swift */ = {isa = PBXFileReference; lastKnownFileType = sourcecode.swift; path = Livestream.swift; sourceTree = "<group>"; };
		2724CB50254641F90000DCA3 /* Color.swift */ = {isa = PBXFileReference; lastKnownFileType = sourcecode.swift; path = Color.swift; sourceTree = "<group>"; };
		2724CB5425464B580000DCA3 /* MainView.swift */ = {isa = PBXFileReference; lastKnownFileType = sourcecode.swift; path = MainView.swift; sourceTree = "<group>"; };
/* End PBXFileReference section */

/* Begin PBXFrameworksBuildPhase section */
		2724CB182546285B0000DCA3 /* Frameworks */ = {
			isa = PBXFrameworksBuildPhase;
			buildActionMask = 2147483647;
			files = (
			);
			runOnlyForDeploymentPostprocessing = 0;
		};
/* End PBXFrameworksBuildPhase section */

/* Begin PBXGroup section */
		2724CB122546285B0000DCA3 = {
			isa = PBXGroup;
			children = (
				2724CB1D2546285B0000DCA3 /* Shared */,
				2724CB31254631A10000DCA3 /* iOS */,
				2724CB1C2546285B0000DCA3 /* Products */,
			);
			sourceTree = "<group>";
		};
		2724CB1C2546285B0000DCA3 /* Products */ = {
			isa = PBXGroup;
			children = (
				2724CB1B2546285B0000DCA3 /* Livestreams.app */,
			);
			name = Products;
			sourceTree = "<group>";
		};
		2724CB1D2546285B0000DCA3 /* Shared */ = {
			isa = PBXGroup;
			children = (
				2724CB5425464B580000DCA3 /* MainView.swift */,
				2724CB202546285B0000DCA3 /* ChannelsView.swift */,
				2724CB412546399D0000DCA3 /* ChannelView.swift */,
				2724CB4725463A450000DCA3 /* Channels.swift */,
				2724CB4425463A2D0000DCA3 /* Channel.swift */,
				2724CB4C25463E1B0000DCA3 /* Livestream.swift */,
				2724CB5825464C170000DCA3 /* Extensions */,
				2724CB222546285D0000DCA3 /* Assets.xcassets */,
				2724CB242546285D0000DCA3 /* Preview Content */,
			);
			path = Shared;
			sourceTree = "<group>";
		};
		2724CB242546285D0000DCA3 /* Preview Content */ = {
			isa = PBXGroup;
			children = (
				2724CB252546285D0000DCA3 /* Preview Assets.xcassets */,
			);
			path = "Preview Content";
			sourceTree = "<group>";
		};
		2724CB31254631A10000DCA3 /* iOS */ = {
			isa = PBXGroup;
			children = (
				2724CB1E2546285B0000DCA3 /* Main.swift */,
				2724CB272546285D0000DCA3 /* Info.plist */,
				2724CB3A2546338A0000DCA3 /* App.entitlements */,
				2724CB3D254633DC0000DCA3 /* Launch.storyboard */,
			);
			path = iOS;
			sourceTree = "<group>";
		};
		2724CB5825464C170000DCA3 /* Extensions */ = {
			isa = PBXGroup;
			children = (
				2724CB50254641F90000DCA3 /* Color.swift */,
			);
			path = Extensions;
			sourceTree = "<group>";
		};
/* End PBXGroup section */

/* Begin PBXNativeTarget section */
		2724CB1A2546285B0000DCA3 /* Livestreams */ = {
			isa = PBXNativeTarget;
			buildConfigurationList = 2724CB2A2546285D0000DCA3 /* Build configuration list for PBXNativeTarget "Livestreams" */;
			buildPhases = (
				2724CB172546285B0000DCA3 /* Sources */,
				2724CB182546285B0000DCA3 /* Frameworks */,
				2724CB192546285B0000DCA3 /* Resources */,
			);
			buildRules = (
			);
			dependencies = (
			);
			name = Livestreams;
			productName = Livestreams;
			productReference = 2724CB1B2546285B0000DCA3 /* Livestreams.app */;
			productType = "com.apple.product-type.application";
		};
/* End PBXNativeTarget section */

/* Begin PBXProject section */
		2724CB132546285B0000DCA3 /* Project object */ = {
			isa = PBXProject;
			attributes = {
				LastSwiftUpdateCheck = 1210;
				LastUpgradeCheck = 1210;
				TargetAttributes = {
					2724CB1A2546285B0000DCA3 = {
						CreatedOnToolsVersion = 12.1;
					};
				};
			};
			buildConfigurationList = 2724CB162546285B0000DCA3 /* Build configuration list for PBXProject "Livestreams" */;
			compatibilityVersion = "Xcode 9.3";
			developmentRegion = en;
			hasScannedForEncodings = 0;
			knownRegions = (
				en,
				Base,
			);
			mainGroup = 2724CB122546285B0000DCA3;
			productRefGroup = 2724CB1C2546285B0000DCA3 /* Products */;
			projectDirPath = "";
			projectRoot = "";
			targets = (
				2724CB1A2546285B0000DCA3 /* Livestreams */,
			);
		};
/* End PBXProject section */

/* Begin PBXResourcesBuildPhase section */
		2724CB192546285B0000DCA3 /* Resources */ = {
			isa = PBXResourcesBuildPhase;
			buildActionMask = 2147483647;
			files = (
				2724CB262546285D0000DCA3 /* Preview Assets.xcassets in Resources */,
				2724CB232546285D0000DCA3 /* Assets.xcassets in Resources */,
				2724CB3E254633DC0000DCA3 /* Launch.storyboard in Resources */,
			);
			runOnlyForDeploymentPostprocessing = 0;
		};
/* End PBXResourcesBuildPhase section */

/* Begin PBXSourcesBuildPhase section */
		2724CB172546285B0000DCA3 /* Sources */ = {
			isa = PBXSourcesBuildPhase;
			buildActionMask = 2147483647;
			files = (
				2724CB422546399D0000DCA3 /* ChannelView.swift in Sources */,
				2724CB5525464B580000DCA3 /* MainView.swift in Sources */,
				2724CB51254641F90000DCA3 /* Color.swift in Sources */,
				2724CB4D25463E1B0000DCA3 /* Livestream.swift in Sources */,
				2724CB4825463A450000DCA3 /* Channels.swift in Sources */,
				2724CB4525463A2D0000DCA3 /* Channel.swift in Sources */,
				2724CB212546285B0000DCA3 /* ChannelsView.swift in Sources */,
				2724CB1F2546285B0000DCA3 /* Main.swift in Sources */,
			);
			runOnlyForDeploymentPostprocessing = 0;
		};
/* End PBXSourcesBuildPhase section */

/* Begin XCBuildConfiguration section */
		2724CB282546285D0000DCA3 /* Debug */ = {
			isa = XCBuildConfiguration;
			buildSettings = {
				ALWAYS_SEARCH_USER_PATHS = NO;
				CLANG_ANALYZER_NONNULL = YES;
				CLANG_ANALYZER_NUMBER_OBJECT_CONVERSION = YES_AGGRESSIVE;
				CLANG_CXX_LANGUAGE_STANDARD = "gnu++14";
				CLANG_CXX_LIBRARY = "libc++";
				CLANG_ENABLE_MODULES = YES;
				CLANG_ENABLE_OBJC_ARC = YES;
				CLANG_ENABLE_OBJC_WEAK = YES;
				CLANG_WARN_BLOCK_CAPTURE_AUTORELEASING = YES;
				CLANG_WARN_BOOL_CONVERSION = YES;
				CLANG_WARN_COMMA = YES;
				CLANG_WARN_CONSTANT_CONVERSION = YES;
				CLANG_WARN_DEPRECATED_OBJC_IMPLEMENTATIONS = YES;
				CLANG_WARN_DIRECT_OBJC_ISA_USAGE = YES_ERROR;
				CLANG_WARN_DOCUMENTATION_COMMENTS = YES;
				CLANG_WARN_EMPTY_BODY = YES;
				CLANG_WARN_ENUM_CONVERSION = YES;
				CLANG_WARN_INFINITE_RECURSION = YES;
				CLANG_WARN_INT_CONVERSION = YES;
				CLANG_WARN_NON_LITERAL_NULL_CONVERSION = YES;
				CLANG_WARN_OBJC_IMPLICIT_RETAIN_SELF = YES;
				CLANG_WARN_OBJC_LITERAL_CONVERSION = YES;
				CLANG_WARN_OBJC_ROOT_CLASS = YES_ERROR;
				CLANG_WARN_QUOTED_INCLUDE_IN_FRAMEWORK_HEADER = YES;
				CLANG_WARN_RANGE_LOOP_ANALYSIS = YES;
				CLANG_WARN_STRICT_PROTOTYPES = YES;
				CLANG_WARN_SUSPICIOUS_MOVE = YES;
				CLANG_WARN_UNGUARDED_AVAILABILITY = YES_AGGRESSIVE;
				CLANG_WARN_UNREACHABLE_CODE = YES;
				CLANG_WARN__DUPLICATE_METHOD_MATCH = YES;
				COPY_PHASE_STRIP = NO;
				DEBUG_INFORMATION_FORMAT = dwarf;
				ENABLE_STRICT_OBJC_MSGSEND = YES;
				ENABLE_TESTABILITY = YES;
				GCC_C_LANGUAGE_STANDARD = gnu11;
				GCC_DYNAMIC_NO_PIC = NO;
				GCC_NO_COMMON_BLOCKS = YES;
				GCC_OPTIMIZATION_LEVEL = 0;
				GCC_PREPROCESSOR_DEFINITIONS = (
					"DEBUG=1",
					"$(inherited)",
				);
				GCC_WARN_64_TO_32_BIT_CONVERSION = YES;
				GCC_WARN_ABOUT_RETURN_TYPE = YES_ERROR;
				GCC_WARN_UNDECLARED_SELECTOR = YES;
				GCC_WARN_UNINITIALIZED_AUTOS = YES_AGGRESSIVE;
				GCC_WARN_UNUSED_FUNCTION = YES;
				GCC_WARN_UNUSED_VARIABLE = YES;
				IPHONEOS_DEPLOYMENT_TARGET = 14.1;
				MTL_ENABLE_DEBUG_INFO = INCLUDE_SOURCE;
				MTL_FAST_MATH = YES;
				ONLY_ACTIVE_ARCH = YES;
				SDKROOT = iphoneos;
				SWIFT_ACTIVE_COMPILATION_CONDITIONS = DEBUG;
				SWIFT_OPTIMIZATION_LEVEL = "-Onone";
			};
			name = Debug;
		};
		2724CB292546285D0000DCA3 /* Release */ = {
			isa = XCBuildConfiguration;
			buildSettings = {
				ALWAYS_SEARCH_USER_PATHS = NO;
				CLANG_ANALYZER_NONNULL = YES;
				CLANG_ANALYZER_NUMBER_OBJECT_CONVERSION = YES_AGGRESSIVE;
				CLANG_CXX_LANGUAGE_STANDARD = "gnu++14";
				CLANG_CXX_LIBRARY = "libc++";
				CLANG_ENABLE_MODULES = YES;
				CLANG_ENABLE_OBJC_ARC = YES;
				CLANG_ENABLE_OBJC_WEAK = YES;
				CLANG_WARN_BLOCK_CAPTURE_AUTORELEASING = YES;
				CLANG_WARN_BOOL_CONVERSION = YES;
				CLANG_WARN_COMMA = YES;
				CLANG_WARN_CONSTANT_CONVERSION = YES;
				CLANG_WARN_DEPRECATED_OBJC_IMPLEMENTATIONS = YES;
				CLANG_WARN_DIRECT_OBJC_ISA_USAGE = YES_ERROR;
				CLANG_WARN_DOCUMENTATION_COMMENTS = YES;
				CLANG_WARN_EMPTY_BODY = YES;
				CLANG_WARN_ENUM_CONVERSION = YES;
				CLANG_WARN_INFINITE_RECURSION = YES;
				CLANG_WARN_INT_CONVERSION = YES;
				CLANG_WARN_NON_LITERAL_NULL_CONVERSION = YES;
				CLANG_WARN_OBJC_IMPLICIT_RETAIN_SELF = YES;
				CLANG_WARN_OBJC_LITERAL_CONVERSION = YES;
				CLANG_WARN_OBJC_ROOT_CLASS = YES_ERROR;
				CLANG_WARN_QUOTED_INCLUDE_IN_FRAMEWORK_HEADER = YES;
				CLANG_WARN_RANGE_LOOP_ANALYSIS = YES;
				CLANG_WARN_STRICT_PROTOTYPES = YES;
				CLANG_WARN_SUSPICIOUS_MOVE = YES;
				CLANG_WARN_UNGUARDED_AVAILABILITY = YES_AGGRESSIVE;
				CLANG_WARN_UNREACHABLE_CODE = YES;
				CLANG_WARN__DUPLICATE_METHOD_MATCH = YES;
				COPY_PHASE_STRIP = NO;
				DEBUG_INFORMATION_FORMAT = "dwarf-with-dsym";
				ENABLE_NS_ASSERTIONS = NO;
				ENABLE_STRICT_OBJC_MSGSEND = YES;
				GCC_C_LANGUAGE_STANDARD = gnu11;
				GCC_NO_COMMON_BLOCKS = YES;
				GCC_WARN_64_TO_32_BIT_CONVERSION = YES;
				GCC_WARN_ABOUT_RETURN_TYPE = YES_ERROR;
				GCC_WARN_UNDECLARED_SELECTOR = YES;
				GCC_WARN_UNINITIALIZED_AUTOS = YES_AGGRESSIVE;
				GCC_WARN_UNUSED_FUNCTION = YES;
				GCC_WARN_UNUSED_VARIABLE = YES;
				IPHONEOS_DEPLOYMENT_TARGET = 14.1;
				MTL_ENABLE_DEBUG_INFO = NO;
				MTL_FAST_MATH = YES;
				SDKROOT = iphoneos;
				SWIFT_COMPILATION_MODE = wholemodule;
				SWIFT_OPTIMIZATION_LEVEL = "-O";
				VALIDATE_PRODUCT = YES;
			};
			name = Release;
		};
		2724CB2B2546285D0000DCA3 /* Debug */ = {
			isa = XCBuildConfiguration;
			buildSettings = {
				ASSETCATALOG_COMPILER_APPICON_NAME = Icon;
				ASSETCATALOG_COMPILER_GLOBAL_ACCENT_COLOR_NAME = AccentColor;
				CODE_SIGN_ENTITLEMENTS = iOS/App.entitlements;
				CODE_SIGN_STYLE = Automatic;
				CURRENT_PROJECT_VERSION = 20;
				DEVELOPMENT_ASSET_PATHS = "\"Shared/Preview Content\"";
				DEVELOPMENT_TEAM = 8BYRL5LF6J;
				ENABLE_PREVIEWS = YES;
				INFOPLIST_FILE = iOS/Info.plist;
				IPHONEOS_DEPLOYMENT_TARGET = 14.0;
				LD_RUNPATH_SEARCH_PATHS = (
					"$(inherited)",
					"@executable_path/Frameworks",
				);
				MARKETING_VERSION = 2.0;
				PRODUCT_BUNDLE_IDENTIFIER = com.yannikbloscheck.Livestreams;
				PRODUCT_NAME = "$(TARGET_NAME)";
				SWIFT_VERSION = 5.0;
				TARGETED_DEVICE_FAMILY = "1,2";
			};
			name = Debug;
		};
		2724CB2C2546285D0000DCA3 /* Release */ = {
			isa = XCBuildConfiguration;
			buildSettings = {
				ASSETCATALOG_COMPILER_APPICON_NAME = Icon;
				ASSETCATALOG_COMPILER_GLOBAL_ACCENT_COLOR_NAME = AccentColor;
				CODE_SIGN_ENTITLEMENTS = iOS/App.entitlements;
				CODE_SIGN_STYLE = Automatic;
				CURRENT_PROJECT_VERSION = 20;
				DEVELOPMENT_ASSET_PATHS = "\"Shared/Preview Content\"";
				DEVELOPMENT_TEAM = 8BYRL5LF6J;
				ENABLE_PREVIEWS = YES;
				INFOPLIST_FILE = iOS/Info.plist;
				IPHONEOS_DEPLOYMENT_TARGET = 14.0;
				LD_RUNPATH_SEARCH_PATHS = (
					"$(inherited)",
					"@executable_path/Frameworks",
				);
				MARKETING_VERSION = 2.0;
				PRODUCT_BUNDLE_IDENTIFIER = com.yannikbloscheck.Livestreams;
				PRODUCT_NAME = "$(TARGET_NAME)";
				SWIFT_VERSION = 5.0;
				TARGETED_DEVICE_FAMILY = "1,2";
			};
			name = Release;
		};
/* End XCBuildConfiguration section */

/* Begin XCConfigurationList section */
		2724CB162546285B0000DCA3 /* Build configuration list for PBXProject "Livestreams" */ = {
			isa = XCConfigurationList;
			buildConfigurations = (
				2724CB282546285D0000DCA3 /* Debug */,
				2724CB292546285D0000DCA3 /* Release */,
			);
			defaultConfigurationIsVisible = 0;
			defaultConfigurationName = Release;
		};
		2724CB2A2546285D0000DCA3 /* Build configuration list for PBXNativeTarget "Livestreams" */ = {
			isa = XCConfigurationList;
			buildConfigurations = (
				2724CB2B2546285D0000DCA3 /* Debug */,
				2724CB2C2546285D0000DCA3 /* Release */,
			);
			defaultConfigurationIsVisible = 0;
			defaultConfigurationName = Release;
		};
/* End XCConfigurationList section */
	};
	rootObject = 2724CB132546285B0000DCA3 /* Project object */;
}
